
Microsoft Visual Studio Solution File, Format Version 12.00
# Visual Studio 15
VisualStudioVersion = 15.0.27428.2027
MinimumVisualStudioVersion = 10.0.40219.1
Project("{FAE04EC0-301F-11D3-BF4B-00C04F79EFBC}") = "FormulariosEjercicio", "FormulariosEjercicio\FormulariosEjercicio.csproj", "{A630A03B-4621-485F-ABC6-0E5DBBF1E699}"
EndProject
Global
	GlobalSection(SolutionConfigurationPlatforms) = preSolution
		Debug|Any CPU = Debug|Any CPU
		Release|Any CPU = Release|Any CPU
	EndGlobalSection
	GlobalSection(ProjectConfigurationPlatforms) = postSolution
		{A630A03B-4621-485F-ABC6-0E5DBBF1E699}.Debug|Any CPU.ActiveCfg = Debug|Any CPU
		{A630A03B-4621-485F-ABC6-0E5DBBF1E699}.Debug|Any CPU.Build.0 = Debug|Any CPU
		{A630A03B-4621-485F-ABC6-0E5DBBF1E699}.Release|Any CPU.ActiveCfg = Release|Any CPU
		{A630A03B-4621-485F-ABC6-0E5DBBF1E699}.Release|Any CPU.Build.0 = Release|Any CPU
	EndGlobalSection
	GlobalSection(SolutionProperties) = preSolution
		HideSolutionNode = FALSE
	EndGlobalSection
	GlobalSection(ExtensibilityGlobals) = postSolution
		SolutionGuid = {65495C1D-D139-4D8C-9B6C-09778DECC91A}
	EndGlobalSection
EndGlobal
